// !$*UTF8*$!
{
	archiveVersion = 1;
	classes = {
	};
	objectVersion = 50;
	objects = {

/* Begin PBXBuildFile section */
		16F3F6A2245E0FEC00FFB6D4 /* AppDelegate.swift in Sources */ = {isa = PBXBuildFile; fileRef = 16F3F6A1245E0FEC00FFB6D4 /* AppDelegate.swift */; };
		16F3F6A4245E0FEC00FFB6D4 /* SceneDelegate.swift in Sources */ = {isa = PBXBuildFile; fileRef = 16F3F6A3245E0FEC00FFB6D4 /* SceneDelegate.swift */; };
		16F3F6A6245E0FEC00FFB6D4 /* ViewController.swift in Sources */ = {isa = PBXBuildFile; fileRef = 16F3F6A5245E0FEC00FFB6D4 /* ViewController.swift */; };
		16F3F6A9245E0FEC00FFB6D4 /* Main.storyboard in Resources */ = {isa = PBXBuildFile; fileRef = 16F3F6A7245E0FEC00FFB6D4 /* Main.storyboard */; };
		16F3F6AC245E0FEC00FFB6D4 /* Skillbox14_CoreData.xcdatamodeld in Sources */ = {isa = PBXBuildFile; fileRef = 16F3F6AA245E0FEC00FFB6D4 /* Skillbox14_CoreData.xcdatamodeld */; };
		16F3F6AE245E0FED00FFB6D4 /* Assets.xcassets in Resources */ = {isa = PBXBuildFile; fileRef = 16F3F6AD245E0FED00FFB6D4 /* Assets.xcassets */; };
		16F3F6B1245E0FED00FFB6D4 /* LaunchScreen.storyboard in Resources */ = {isa = PBXBuildFile; fileRef = 16F3F6AF245E0FED00FFB6D4 /* LaunchScreen.storyboard */; };
		16F3F6B9245E11E600FFB6D4 /* ToDoTableViewCell.swift in Sources */ = {isa = PBXBuildFile; fileRef = 16F3F6B8245E11E600FFB6D4 /* ToDoTableViewCell.swift */; };
/* End PBXBuildFile section */

/* Begin PBXFileReference section */
		16F3F69E245E0FEC00FFB6D4 /* Skillbox14_CoreData.app */ = {isa = PBXFileReference; explicitFileType = wrapper.application; includeInIndex = 0; path = Skillbox14_CoreData.app; sourceTree = BUILT_PRODUCTS_DIR; };
		16F3F6A1245E0FEC00FFB6D4 /* AppDelegate.swift */ = {isa = PBXFileReference; lastKnownFileType = sourcecode.swift; path = AppDelegate.swift; sourceTree = "<group>"; };
		16F3F6A3245E0FEC00FFB6D4 /* SceneDelegate.swift */ = {isa = PBXFileReference; lastKnownFileType = sourcecode.swift; path = SceneDelegate.swift; sourceTree = "<group>"; };
		16F3F6A5245E0FEC00FFB6D4 /* ViewController.swift */ = {isa = PBXFileReference; lastKnownFileType = sourcecode.swift; path = ViewController.swift; sourceTree = "<group>"; };
		16F3F6A8245E0FEC00FFB6D4 /* Base */ = {isa = PBXFileReference; lastKnownFileType = file.storyboard; name = Base; path = Base.lproj/Main.storyboard; sourceTree = "<group>"; };
		16F3F6AB245E0FEC00FFB6D4 /* Skillbox14_CoreData.xcdatamodel */ = {isa = PBXFileReference; lastKnownFileType = wrapper.xcdatamodel; path = Skillbox14_CoreData.xcdatamodel; sourceTree = "<group>"; };
		16F3F6AD245E0FED00FFB6D4 /* Assets.xcassets */ = {isa = PBXFileReference; lastKnownFileType = folder.assetcatalog; path = Assets.xcassets; sourceTree = "<group>"; };
		16F3F6B0245E0FED00FFB6D4 /* Base */ = {isa = PBXFileReference; lastKnownFileType = file.storyboard; name = Base; path = Base.lproj/LaunchScreen.storyboard; sourceTree = "<group>"; };
		16F3F6B2245E0FED00FFB6D4 /* Info.plist */ = {isa = PBXFileReference; lastKnownFileType = text.plist.xml; path = Info.plist; sourceTree = "<group>"; };
		16F3F6B8245E11E600FFB6D4 /* ToDoTableViewCell.swift */ = {isa = PBXFileReference; lastKnownFileType = sourcecode.swift; path = ToDoTableViewCell.swift; sourceTree = "<group>"; };
/* End PBXFileReference section */

/* Begin PBXFrameworksBuildPhase section */
		16F3F69B245E0FEC00FFB6D4 /* Frameworks */ = {
			isa = PBXFrameworksBuildPhase;
			buildActionMask = 2147483647;
			files = (
			);
			runOnlyForDeploymentPostprocessing = 0;
		};
/* End PBXFrameworksBuildPhase section */

/* Begin PBXGroup section */
		16F3F695245E0FEC00FFB6D4 = {
			isa = PBXGroup;
			children = (
				16F3F6A0245E0FEC00FFB6D4 /* Skillbox14_CoreData */,
				16F3F69F245E0FEC00FFB6D4 /* Products */,
			);
			sourceTree = "<group>";
		};
		16F3F69F245E0FEC00FFB6D4 /* Products */ = {
			isa = PBXGroup;
			children = (
				16F3F69E245E0FEC00FFB6D4 /* Skillbox14_CoreData.app */,
			);
			name = Products;
			sourceTree = "<group>";
		};
		16F3F6A0245E0FEC00FFB6D4 /* Skillbox14_CoreData */ = {
			isa = PBXGroup;
			children = (
				16F3F6A1245E0FEC00FFB6D4 /* AppDelegate.swift */,
				16F3F6A3245E0FEC00FFB6D4 /* SceneDelegate.swift */,
				16F3F6A5245E0FEC00FFB6D4 /* ViewController.swift */,
				16F3F6A7245E0FEC00FFB6D4 /* Main.storyboard */,
				16F3F6B8245E11E600FFB6D4 /* ToDoTableViewCell.swift */,
				16F3F6AD245E0FED00FFB6D4 /* Assets.xcassets */,
				16F3F6AF245E0FED00FFB6D4 /* LaunchScreen.storyboard */,
				16F3F6B2245E0FED00FFB6D4 /* Info.plist */,
				16F3F6AA245E0FEC00FFB6D4 /* Skillbox14_CoreData.xcdatamodeld */,
			);
			path = Skillbox14_CoreData;
			sourceTree = "<group>";
		};
/* End PBXGroup section */

/* Begin PBXNativeTarget section */
		16F3F69D245E0FEC00FFB6D4 /* Skillbox14_CoreData */ = {
			isa = PBXNativeTarget;
			buildConfigurationList = 16F3F6B5245E0FED00FFB6D4 /* Build configuration list for PBXNativeTarget "Skillbox14_CoreData" */;
			buildPhases = (
				16F3F69A245E0FEC00FFB6D4 /* Sources */,
				16F3F69B245E0FEC00FFB6D4 /* Frameworks */,
				16F3F69C245E0FEC00FFB6D4 /* Resources */,
			);
			buildRules = (
			);
			dependencies = (
			);
			name = Skillbox14_CoreData;
			productName = Skillbox14_CoreData;
			productReference = 16F3F69E245E0FEC00FFB6D4 /* Skillbox14_CoreData.app */;
			productType = "com.apple.product-type.application";
		};
/* End PBXNativeTarget section */

/* Begin PBXProject section */
		16F3F696245E0FEC00FFB6D4 /* Project object */ = {
			isa = PBXProject;
			attributes = {
				LastSwiftUpdateCheck = 1140;
				LastUpgradeCheck = 1140;
				ORGANIZATIONNAME = "Александр Сорока";
				TargetAttributes = {
					16F3F69D245E0FEC00FFB6D4 = {
						CreatedOnToolsVersion = 11.4.1;
					};
				};
			};
			buildConfigurationList = 16F3F699245E0FEC00FFB6D4 /* Build configuration list for PBXProject "Skillbox14_CoreData" */;
			compatibilityVersion = "Xcode 9.3";
			developmentRegion = en;
			hasScannedForEncodings = 0;
			knownRegions = (
				en,
				Base,
			);
			mainGroup = 16F3F695245E0FEC00FFB6D4;
			productRefGroup = 16F3F69F245E0FEC00FFB6D4 /* Products */;
			projectDirPath = "";
			projectRoot = "";
			targets = (
				16F3F69D245E0FEC00FFB6D4 /* Skillbox14_CoreData */,
			);
		};
/* End PBXProject section */

/* Begin PBXResourcesBuildPhase section */
		16F3F69C245E0FEC00FFB6D4 /* Resources */ = {
			isa = PBXResourcesBuildPhase;
			buildActionMask = 2147483647;
			files = (
				16F3F6B1245E0FED00FFB6D4 /* LaunchScreen.storyboard in Resources */,
				16F3F6AE245E0FED00FFB6D4 /* Assets.xcassets in Resources */,
				16F3F6A9245E0FEC00FFB6D4 /* Main.storyboard in Resources */,
			);
			runOnlyForDeploymentPostprocessing = 0;
		};
/* End PBXResourcesBuildPhase section */

/* Begin PBXSourcesBuildPhase section */
		16F3F69A245E0FEC00FFB6D4 /* Sources */ = {
			isa = PBXSourcesBuildPhase;
			buildActionMask = 2147483647;
			files = (
				16F3F6A6245E0FEC00FFB6D4 /* ViewController.swift in Sources */,
				16F3F6A2245E0FEC00FFB6D4 /* AppDelegate.swift in Sources */,
				16F3F6AC245E0FEC00FFB6D4 /* Skillbox14_CoreData.xcdatamodeld in Sources */,
				16F3F6A4245E0FEC00FFB6D4 /* SceneDelegate.swift in Sources */,
				16F3F6B9245E11E600FFB6D4 /* ToDoTableViewCell.swift in Sources */,
			);
			runOnlyForDeploymentPostprocessing = 0;
		};
/* End PBXSourcesBuildPhase section */

/* Begin PBXVariantGroup section */
		16F3F6A7245E0FEC00FFB6D4 /* Main.storyboard */ = {
			isa = PBXVariantGroup;
			children = (
				16F3F6A8245E0FEC00FFB6D4 /* Base */,
			);
			name = Main.storyboard;
			sourceTree = "<group>";
		};
		16F3F6AF245E0FED00FFB6D4 /* LaunchScreen.storyboard */ = {
			isa = PBXVariantGroup;
			children = (
				16F3F6B0245E0FED00FFB6D4 /* Base */,
			);
			name = LaunchScreen.storyboard;
			sourceTree = "<group>";
		};
/* End PBXVariantGroup section */

/* Begin XCBuildConfiguration section */
		16F3F6B3245E0FED00FFB6D4 /* Debug */ = {
			isa = XCBuildConfiguration;
			buildSettings = {
				ALWAYS_SEARCH_USER_PATHS = NO;
				CLANG_ANALYZER_NONNULL = YES;
				CLANG_ANALYZER_NUMBER_OBJECT_CONVERSION = YES_AGGRESSIVE;
				CLANG_CXX_LANGUAGE_STANDARD = "gnu++14";
				CLANG_CXX_LIBRARY = "libc++";
				CLANG_ENABLE_MODULES = YES;
				CLANG_ENABLE_OBJC_ARC = YES;
				CLANG_ENABLE_OBJC_WEAK = YES;
				CLANG_WARN_BLOCK_CAPTURE_AUTORELEASING = YES;
				CLANG_WARN_BOOL_CONVERSION = YES;
				CLANG_WARN_COMMA = YES;
				CLANG_WARN_CONSTANT_CONVERSION = YES;
				CLANG_WARN_DEPRECATED_OBJC_IMPLEMENTATIONS = YES;
				CLANG_WARN_DIRECT_OBJC_ISA_USAGE = YES_ERROR;
				CLANG_WARN_DOCUMENTATION_COMMENTS = YES;
				CLANG_WARN_EMPTY_BODY = YES;
				CLANG_WARN_ENUM_CONVERSION = YES;
				CLANG_WARN_INFINITE_RECURSION = YES;
				CLANG_WARN_INT_CONVERSION = YES;
				CLANG_WARN_NON_LITERAL_NULL_CONVERSION = YES;
				CLANG_WARN_OBJC_IMPLICIT_RETAIN_SELF = YES;
				CLANG_WARN_OBJC_LITERAL_CONVERSION = YES;
				CLANG_WARN_OBJC_ROOT_CLASS = YES_ERROR;
				CLANG_WARN_RANGE_LOOP_ANALYSIS = YES;
				CLANG_WARN_STRICT_PROTOTYPES = YES;
				CLANG_WARN_SUSPICIOUS_MOVE = YES;
				CLANG_WARN_UNGUARDED_AVAILABILITY = YES_AGGRESSIVE;
				CLANG_WARN_UNREACHABLE_CODE = YES;
				CLANG_WARN__DUPLICATE_METHOD_MATCH = YES;
				COPY_PHASE_STRIP = NO;
				DEBUG_INFORMATION_FORMAT = dwarf;
				ENABLE_STRICT_OBJC_MSGSEND = YES;
				ENABLE_TESTABILITY = YES;
				GCC_C_LANGUAGE_STANDARD = gnu11;
				GCC_DYNAMIC_NO_PIC = NO;
				GCC_NO_COMMON_BLOCKS = YES;
				GCC_OPTIMIZATION_LEVEL = 0;
				GCC_PREPROCESSOR_DEFINITIONS = (
					"DEBUG=1",
					"$(inherited)",
				);
				GCC_WARN_64_TO_32_BIT_CONVERSION = YES;
				GCC_WARN_ABOUT_RETURN_TYPE = YES_ERROR;
				GCC_WARN_UNDECLARED_SELECTOR = YES;
				GCC_WARN_UNINITIALIZED_AUTOS = YES_AGGRESSIVE;
				GCC_WARN_UNUSED_FUNCTION = YES;
				GCC_WARN_UNUSED_VARIABLE = YES;
				IPHONEOS_DEPLOYMENT_TARGET = 13.4;
				MTL_ENABLE_DEBUG_INFO = INCLUDE_SOURCE;
				MTL_FAST_MATH = YES;
				ONLY_ACTIVE_ARCH = YES;
				SDKROOT = iphoneos;
				SWIFT_ACTIVE_COMPILATION_CONDITIONS = DEBUG;
				SWIFT_OPTIMIZATION_LEVEL = "-Onone";
			};
			name = Debug;
		};
		16F3F6B4245E0FED00FFB6D4 /* Release */ = {
			isa = XCBuildConfiguration;
			buildSettings = {
				ALWAYS_SEARCH_USER_PATHS = NO;
				CLANG_ANALYZER_NONNULL = YES;
				CLANG_ANALYZER_NUMBER_OBJECT_CONVERSION = YES_AGGRESSIVE;
				CLANG_CXX_LANGUAGE_STANDARD = "gnu++14";
				CLANG_CXX_LIBRARY = "libc++";
				CLANG_ENABLE_MODULES = YES;
				CLANG_ENABLE_OBJC_ARC = YES;
				CLANG_ENABLE_OBJC_WEAK = YES;
				CLANG_WARN_BLOCK_CAPTURE_AUTORELEASING = YES;
				CLANG_WARN_BOOL_CONVERSION = YES;
				CLANG_WARN_COMMA = YES;
				CLANG_WARN_CONSTANT_CONVERSION = YES;
				CLANG_WARN_DEPRECATED_OBJC_IMPLEMENTATIONS = YES;
				CLANG_WARN_DIRECT_OBJC_ISA_USAGE = YES_ERROR;
				CLANG_WARN_DOCUMENTATION_COMMENTS = YES;
				CLANG_WARN_EMPTY_BODY = YES;
				CLANG_WARN_ENUM_CONVERSION = YES;
				CLANG_WARN_INFINITE_RECURSION = YES;
				CLANG_WARN_INT_CONVERSION = YES;
				CLANG_WARN_NON_LITERAL_NULL_CONVERSION = YES;
				CLANG_WARN_OBJC_IMPLICIT_RETAIN_SELF = YES;
				CLANG_WARN_OBJC_LITERAL_CONVERSION = YES;
				CLANG_WARN_OBJC_ROOT_CLASS = YES_ERROR;
				CLANG_WARN_RANGE_LOOP_ANALYSIS = YES;
				CLANG_WARN_STRICT_PROTOTYPES = YES;
				CLANG_WARN_SUSPICIOUS_MOVE = YES;
				CLANG_WARN_UNGUARDED_AVAILABILITY = YES_AGGRESSIVE;
				CLANG_WARN_UNREACHABLE_CODE = YES;
				CLANG_WARN__DUPLICATE_METHOD_MATCH = YES;
				COPY_PHASE_STRIP = NO;
				DEBUG_INFORMATION_FORMAT = "dwarf-with-dsym";
				ENABLE_NS_ASSERTIONS = NO;
				ENABLE_STRICT_OBJC_MSGSEND = YES;
				GCC_C_LANGUAGE_STANDARD = gnu11;
				GCC_NO_COMMON_BLOCKS = YES;
				GCC_WARN_64_TO_32_BIT_CONVERSION = YES;
				GCC_WARN_ABOUT_RETURN_TYPE = YES_ERROR;
				GCC_WARN_UNDECLARED_SELECTOR = YES;
				GCC_WARN_UNINITIALIZED_AUTOS = YES_AGGRESSIVE;
				GCC_WARN_UNUSED_FUNCTION = YES;
				GCC_WARN_UNUSED_VARIABLE = YES;
				IPHONEOS_DEPLOYMENT_TARGET = 13.4;
				MTL_ENABLE_DEBUG_INFO = NO;
				MTL_FAST_MATH = YES;
				SDKROOT = iphoneos;
				SWIFT_COMPILATION_MODE = wholemodule;
				SWIFT_OPTIMIZATION_LEVEL = "-O";
				VALIDATE_PRODUCT = YES;
			};
			name = Release;
		};
		16F3F6B6245E0FED00FFB6D4 /* Debug */ = {
			isa = XCBuildConfiguration;
			buildSettings = {
				ASSETCATALOG_COMPILER_APPICON_NAME = AppIcon;
				CODE_SIGN_STYLE = Automatic;
				INFOPLIST_FILE = Skillbox14_CoreData/Info.plist;
				LD_RUNPATH_SEARCH_PATHS = (
					"$(inherited)",
					"@executable_path/Frameworks",
				);
				PRODUCT_BUNDLE_IDENTIFIER = "com.nanomuffin.Skillbox14-CoreData";
				PRODUCT_NAME = "$(TARGET_NAME)";
				SWIFT_VERSION = 5.0;
				TARGETED_DEVICE_FAMILY = "1,2";
			};
			name = Debug;
		};
		16F3F6B7245E0FED00FFB6D4 /* Release */ = {
			isa = XCBuildConfiguration;
			buildSettings = {
				ASSETCATALOG_COMPILER_APPICON_NAME = AppIcon;
				CODE_SIGN_STYLE = Automatic;
				INFOPLIST_FILE = Skillbox14_CoreData/Info.plist;
				LD_RUNPATH_SEARCH_PATHS = (
					"$(inherited)",
					"@executable_path/Frameworks",
				);
				PRODUCT_BUNDLE_IDENTIFIER = "com.nanomuffin.Skillbox14-CoreData";
				PRODUCT_NAME = "$(TARGET_NAME)";
				SWIFT_VERSION = 5.0;
				TARGETED_DEVICE_FAMILY = "1,2";
			};
			name = Release;
		};
/* End XCBuildConfiguration section */

/* Begin XCConfigurationList section */
		16F3F699245E0FEC00FFB6D4 /* Build configuration list for PBXProject "Skillbox14_CoreData" */ = {
			isa = XCConfigurationList;
			buildConfigurations = (
				16F3F6B3245E0FED00FFB6D4 /* Debug */,
				16F3F6B4245E0FED00FFB6D4 /* Release */,
			);
			defaultConfigurationIsVisible = 0;
			defaultConfigurationName = Release;
		};
		16F3F6B5245E0FED00FFB6D4 /* Build configuration list for PBXNativeTarget "Skillbox14_CoreData" */ = {
			isa = XCConfigurationList;
			buildConfigurations = (
				16F3F6B6245E0FED00FFB6D4 /* Debug */,
				16F3F6B7245E0FED00FFB6D4 /* Release */,
			);
			defaultConfigurationIsVisible = 0;
			defaultConfigurationName = Release;
		};
/* End XCConfigurationList section */

/* Begin XCVersionGroup section */
		16F3F6AA245E0FEC00FFB6D4 /* Skillbox14_CoreData.xcdatamodeld */ = {
			isa = XCVersionGroup;
			children = (
				16F3F6AB245E0FEC00FFB6D4 /* Skillbox14_CoreData.xcdatamodel */,
			);
			currentVersion = 16F3F6AB245E0FEC00FFB6D4 /* Skillbox14_CoreData.xcdatamodel */;
			path = Skillbox14_CoreData.xcdatamodeld;
			sourceTree = "<group>";
			versionGroupType = wrapper.xcdatamodel;
		};
/* End XCVersionGroup section */
	};
	rootObject = 16F3F696245E0FEC00FFB6D4 /* Project object */;
}
